
Microsoft Visual Studio Solution File, Format Version 12.00
# Visual Studio Version 17
VisualStudioVersion = 17.10.34916.146
MinimumVisualStudioVersion = 10.0.40219.1
Project("{8BC9CEB8-8B4A-11D0-8D11-00A0C91BC942}") = "geometryCalculations", "geometryCalculations.vcxproj", "{50521C0E-AB8D-4E37-8ED9-CE1FBF1837B0}"
EndProject
Global
	GlobalSection(SolutionConfigurationPlatforms) = preSolution
		Debug|x64 = Debug|x64
		Debug|x86 = Debug|x86
		Release|x64 = Release|x64
		Release|x86 = Release|x86
	EndGlobalSection
	GlobalSection(ProjectConfigurationPlatforms) = postSolution
		{50521C0E-AB8D-4E37-8ED9-CE1FBF1837B0}.Debug|x64.ActiveCfg = Debug|x64
		{50521C0E-AB8D-4E37-8ED9-CE1FBF1837B0}.Debug|x64.Build.0 = Debug|x64
		{50521C0E-AB8D-4E37-8ED9-CE1FBF1837B0}.Debug|x86.ActiveCfg = Debug|Win32
		{50521C0E-AB8D-4E37-8ED9-CE1FBF1837B0}.Debug|x86.Build.0 = Debug|Win32
		{50521C0E-AB8D-4E37-8ED9-CE1FBF1837B0}.Release|x64.ActiveCfg = Release|x64
		{50521C0E-AB8D-4E37-8ED9-CE1FBF1837B0}.Release|x64.Build.0 = Release|x64
		{50521C0E-AB8D-4E37-8ED9-CE1FBF1837B0}.Release|x86.ActiveCfg = Release|Win32
		{50521C0E-AB8D-4E37-8ED9-CE1FBF1837B0}.Release|x86.Build.0 = Release|Win32
	EndGlobalSection
	GlobalSection(SolutionProperties) = preSolution
		HideSolutionNode = FALSE
	EndGlobalSection
	GlobalSection(ExtensibilityGlobals) = postSolution
		SolutionGuid = {AB726823-758D-4873-AA47-0C55E17B49FB}
	EndGlobalSection
EndGlobal
